// !$*UTF8*$!
{
	archiveVersion = 1;
	classes = {
	};
	objectVersion = 77;
	objects = {

/* Begin PBXBuildFile section */
		6A1A9C7D2F0F000000000004 /* WiringTests.swift in Sources */ = {isa = PBXBuildFile; fileRef = 6A1A9C7C2F0F000000000003 /* WiringTests.swift */; };
		6A1A9C812F0F000000000006 /* SRSProgressionTests.swift in Sources */ = {isa = PBXBuildFile; fileRef = 6A1A9C802F0F000000000005 /* SRSProgressionTests.swift */; };
		A10000042FFF000000000004 /* ../JapaneseBuddy/Features/Home/HomeView.swift in Sources */ = {isa = PBXBuildFile; fileRef = A10000122FFF000000000012 /* ../JapaneseBuddy/Features/Home/HomeView.swift */; };
		A10000052FFF000000000005 /* ../JapaneseBuddy/Features/Home/DailyGoalCard.swift in Sources */ = {isa = PBXBuildFile; fileRef = A10000132FFF000000000013 /* ../JapaneseBuddy/Features/Home/DailyGoalCard.swift */; };
		A10000062FFF000000000006 /* ../JapaneseBuddy/Features/KanaTraceView.swift in Sources */ = {isa = PBXBuildFile; fileRef = A10000142FFF000000000014 /* ../JapaneseBuddy/Features/KanaTraceView.swift */; };
		A10000072FFF000000000007 /* ../JapaneseBuddy/Features/SRS/SRSView.swift in Sources */ = {isa = PBXBuildFile; fileRef = A10000152FFF000000000015 /* ../JapaneseBuddy/Features/SRS/SRSView.swift */; };
		A10000082FFF000000000008 /* ../JapaneseBuddy/Features/Settings/SettingsView.swift in Sources */ = {isa = PBXBuildFile; fileRef = A10000162FFF000000000016 /* ../JapaneseBuddy/Features/Settings/SettingsView.swift */; };
		A10000092FFF000000000009 /* ../JapaneseBuddy/Features/Practice/PracticeView.swift in Sources */ = {isa = PBXBuildFile; fileRef = A10000172FFF000000000017 /* ../JapaneseBuddy/Features/Practice/PracticeView.swift */; };
		A100000A2FFF00000000000A /* ../JapaneseBuddy/Models/Card.swift in Sources */ = {isa = PBXBuildFile; fileRef = A100000B2FFF00000000000B /* ../JapaneseBuddy/Models/Card.swift */; };
		A100000C2FFF00000000000C /* ../JapaneseBuddy/Models/Goal.swift in Sources */ = {isa = PBXBuildFile; fileRef = A100000D2FFF00000000000D /* ../JapaneseBuddy/Models/Goal.swift */; };
		A100000E2FFF00000000000E /* ../JapaneseBuddy/Models/SRS.swift in Sources */ = {isa = PBXBuildFile; fileRef = A100000F2FFF00000000000F /* ../JapaneseBuddy/Models/SRS.swift */; };
		A10000102FFF000000000010 /* ../JapaneseBuddy/Models/StrokeData.swift in Sources */ = {isa = PBXBuildFile; fileRef = A10000112FFF000000000011 /* ../JapaneseBuddy/Models/StrokeData.swift */; };
		A10000182FFF000000000018 /* ../JapaneseBuddy/Resources/SeedData.swift in Sources */ = {isa = PBXBuildFile; fileRef = A10000192FFF000000000019 /* ../JapaneseBuddy/Resources/SeedData.swift */; };
		A100001A2FFF00000000001A /* ../JapaneseBuddy/Services/DeckStore.swift in Sources */ = {isa = PBXBuildFile; fileRef = A100001B2FFF00000000001B /* ../JapaneseBuddy/Services/DeckStore.swift */; };
		A100001C2FFF00000000001C /* ../JapaneseBuddy/Services/Speaker.swift in Sources */ = {isa = PBXBuildFile; fileRef = A100001D2FFF00000000001D /* ../JapaneseBuddy/Services/Speaker.swift */; };
		A100001E2FFF00000000001E /* ../JapaneseBuddy/Services/TraceCanvas.swift in Sources */ = {isa = PBXBuildFile; fileRef = A100001F2FFF00000000001F /* ../JapaneseBuddy/Services/TraceCanvas.swift */; };
		A10000202FFF000000000020 /* ../JapaneseBuddy/Services/TemplateRenderer.swift in Sources */ = {isa = PBXBuildFile; fileRef = A10000212FFF000000000021 /* ../JapaneseBuddy/Services/TemplateRenderer.swift */; };
		A10000222FFF000000000022 /* ../JapaneseBuddy/Services/LocalNotifications.swift in Sources */ = {isa = PBXBuildFile; fileRef = A10000232FFF000000000023 /* ../JapaneseBuddy/Services/LocalNotifications.swift */; };
		A10000242FFF000000000024 /* ../JapaneseBuddy/Services/StrokePreviewLayer.swift in Sources */ = {isa = PBXBuildFile; fileRef = A10000252FFF000000000025 /* ../JapaneseBuddy/Services/StrokePreviewLayer.swift */; };
		A2FF00012FFF000000000001 /* ../JapaneseBuddy/Features/Lessons/LessonRunnerView.swift in Sources */ = {isa = PBXBuildFile; fileRef = A2FF00002FFF000000000001 /* ../JapaneseBuddy/Features/Lessons/LessonRunnerView.swift */; };
		A2FF00032FFF000000000003 /* ../JapaneseBuddy/Features/Lessons/KanjiPracticeView.swift in Sources */ = {isa = PBXBuildFile; fileRef = A2FF00022FFF000000000002 /* ../JapaneseBuddy/Features/Lessons/KanjiPracticeView.swift */; };
		A2FF00052FFF000000000005 /* ../JapaneseBuddy/Models/KanjiWord.swift in Sources */ = {isa = PBXBuildFile; fileRef = A2FF00042FFF000000000004 /* ../JapaneseBuddy/Models/KanjiWord.swift */; };
		A2FF00072FFF000000000007 /* ../JapaneseBuddy/Models/Lesson.swift in Sources */ = {isa = PBXBuildFile; fileRef = A2FF00062FFF000000000006 /* ../JapaneseBuddy/Models/Lesson.swift */; };
		A2FF00092FFF000000000009 /* ../JapaneseBuddy/Services/LessonStore.swift in Sources */ = {isa = PBXBuildFile; fileRef = A2FF00082FFF000000000008 /* ../JapaneseBuddy/Services/LessonStore.swift */; };
		A2FF000B2FFF00000000000B /* lessons in Resources */ = {isa = PBXBuildFile; fileRef = A2FF000A2FFF00000000000A /* lessons */; };
		A2FF000F2FFF00000000000F /* ../JapaneseBuddy/Models/LessonProgress.swift in Sources */ = {isa = PBXBuildFile; fileRef = A2FF000E2FFF00000000000E /* ../JapaneseBuddy/Models/LessonProgress.swift */; };
		A2FF00112FFF000000000011 /* ../JapaneseBuddy/Features/Lessons/ObjectiveView.swift in Sources */ = {isa = PBXBuildFile; fileRef = A2FF00102FFF000000000010 /* ../JapaneseBuddy/Features/Lessons/ObjectiveView.swift */; };
		A2FF00132FFF000000000013 /* ../JapaneseBuddy/Features/Lessons/ShadowingView.swift in Sources */ = {isa = PBXBuildFile; fileRef = A2FF00122FFF000000000012 /* ../JapaneseBuddy/Features/Lessons/ShadowingView.swift */; };
		A2FF00152FFF000000000015 /* ../JapaneseBuddy/Features/Lessons/ListeningView.swift in Sources */ = {isa = PBXBuildFile; fileRef = A2FF00142FFF000000000014 /* ../JapaneseBuddy/Features/Lessons/ListeningView.swift */; };
		A2FF00172FFF000000000017 /* ../JapaneseBuddy/Features/Lessons/ReadingView.swift in Sources */ = {isa = PBXBuildFile; fileRef = A2FF00162FFF000000000016 /* ../JapaneseBuddy/Features/Lessons/ReadingView.swift */; };
		A2FF00192FFF000000000019 /* ../JapaneseBuddy/Features/Lessons/CheckView.swift in Sources */ = {isa = PBXBuildFile; fileRef = A2FF00182FFF000000000018 /* ../JapaneseBuddy/Features/Lessons/CheckView.swift */; };
		A2FF001B2FFF00000000001B /* ../JapaneseBuddy/Features/Lessons/LessonListView.swift in Sources */ = {isa = PBXBuildFile; fileRef = A2FF001A2FFF00000000001A /* ../JapaneseBuddy/Features/Lessons/LessonListView.swift */; };
		A3FF01012FFF000000000001 /* ../JapaneseBuddy/Features/Onboarding/OnboardingView.swift in Sources */ = {isa = PBXBuildFile; fileRef = A3FF01002FFF000000000000 /* ../JapaneseBuddy/Features/Onboarding/OnboardingView.swift */; };
		A3FF01032FFF000000000003 /* ../JapaneseBuddy/Services/Haptics.swift in Sources */ = {isa = PBXBuildFile; fileRef = A3FF01022FFF000000000002 /* ../JapaneseBuddy/Services/Haptics.swift */; };
		A3FF01052FFF000000000005 /* ../JapaneseBuddy/Services/Log.swift in Sources */ = {isa = PBXBuildFile; fileRef = A3FF01042FFF000000000004 /* ../JapaneseBuddy/Services/Log.swift */; };
		A3FF01062FFF000000000006 /* ../JapaneseBuddy/Services/AudioEngine.swift in Sources */ = {isa = PBXBuildFile; fileRef = A3FF01072FFF000000000007 /* ../JapaneseBuddy/Services/AudioEngine.swift */; };
		A3FF02012FFF000000000101 /* art in Resources */ = {isa = PBXBuildFile; fileRef = A3FF02002FFF000000000100 /* art */; };
		A3FF02032FFF000000000103 /* L10n in Resources */ = {isa = PBXBuildFile; fileRef = A3FF02022FFF000000000102 /* L10n */; };
        BUI000112FFF000000000001 /* ../JapaneseBuddy/UI/Theme.swift in Sources */ = {isa = PBXBuildFile; fileRef = BUI000012FFF000000000001 /* ../JapaneseBuddy/UI/Theme.swift */; };
        BUI000122FFF000000000002 /* ../JapaneseBuddy/UI/Components/JBCard.swift in Sources */ = {isa = PBXBuildFile; fileRef = BUI000022FFF000000000002 /* ../JapaneseBuddy/UI/Components/JBCard.swift */; };
        BUI000132FFF000000000003 /* ../JapaneseBuddy/UI/Components/EmptyState.swift in Sources */ = {isa = PBXBuildFile; fileRef = BUI000032FFF000000000003 /* ../JapaneseBuddy/UI/Components/EmptyState.swift */; };
        BUI000142FFF000000000004 /* ../JapaneseBuddy/UI/Components/ProgressBar.swift in Sources */ = {isa = PBXBuildFile; fileRef = BUI000042FFF000000000004 /* ../JapaneseBuddy/UI/Components/ProgressBar.swift */; };
        BUI000152FFF000000000005 /* ../JapaneseBuddy/UI/Components/JBButton.swift in Sources */ = {isa = PBXBuildFile; fileRef = BUI000052FFF000000000005 /* ../JapaneseBuddy/UI/Components/JBButton.swift */; };
        BUI000162FFF000000000006 /* ../JapaneseBuddy/UI/Components/StatTile.swift in Sources */ = {isa = PBXBuildFile; fileRef = BUI000062FFF000000000006 /* ../JapaneseBuddy/UI/Components/StatTile.swift */; };
        BUI000172FFF000000000007 /* ../JapaneseBuddy/UI/Components/SectionHeader.swift in Sources */ = {isa = PBXBuildFile; fileRef = BUI000072FFF000000000007 /* ../JapaneseBuddy/UI/Components/SectionHeader.swift */; };
        BUI000182FFF000000000008 /* ../JapaneseBuddy/Features/StatsView.swift in Sources */ = {isa = PBXBuildFile; fileRef = BUI000082FFF000000000008 /* ../JapaneseBuddy/Features/StatsView.swift */; };
        BUI000192FFF000000000009 /* ../JapaneseBuddy/App/AppSidebar.swift in Sources */ = {isa = PBXBuildFile; fileRef = BUI000092FFF000000000009 /* ../JapaneseBuddy/App/AppSidebar.swift */; };
        BUI000A22FFF00000000000B /* ../JapaneseBuddy/Features/Lessons/LessonListRedesignedView.swift in Sources */ = {isa = PBXBuildFile; fileRef = BUI000A12FFF00000000000A /* ../JapaneseBuddy/Features/Lessons/LessonListRedesignedView.swift */; };
        BUI000B22FFF00000000000C /* ../JapaneseBuddy/UI/Components/Sparkline.swift in Sources */ = {isa = PBXBuildFile; fileRef = BUI000B12FFF00000000000B /* ../JapaneseBuddy/UI/Components/Sparkline.swift */; };
        BUI000C22FFF00000000000D /* ../JapaneseBuddy/Services/L10n.swift in Sources */ = {isa = PBXBuildFile; fileRef = BUI000C12FFF00000000000C /* ../JapaneseBuddy/Services/L10n.swift */; };
/* End PBXBuildFile section */

/* Begin PBXContainerItemProxy section */
		42E352D12E543E3B0008A8CD /* PBXContainerItemProxy */ = {
			isa = PBXContainerItemProxy;
			containerPortal = 42E352BA2E543E390008A8CD /* Project object */;
			proxyType = 1;
			remoteGlobalIDString = 42E352C12E543E390008A8CD;
			remoteInfo = JapaneseBuddyProj;
		};
		42E352DB2E543E3B0008A8CD /* PBXContainerItemProxy */ = {
			isa = PBXContainerItemProxy;
			containerPortal = 42E352BA2E543E390008A8CD /* Project object */;
			proxyType = 1;
			remoteGlobalIDString = 42E352C12E543E390008A8CD;
			remoteInfo = JapaneseBuddyProj;
		};
/* End PBXContainerItemProxy section */

/* Begin PBXFileReference section */
		42E352C22E543E390008A8CD /* JapaneseBuddyProj.app */ = {isa = PBXFileReference; explicitFileType = wrapper.application; includeInIndex = 0; path = JapaneseBuddyProj.app; sourceTree = BUILT_PRODUCTS_DIR; };
		42E352D02E543E3B0008A8CD /* JapaneseBuddyProjTests.xctest */ = {isa = PBXFileReference; explicitFileType = wrapper.cfbundle; includeInIndex = 0; path = JapaneseBuddyProjTests.xctest; sourceTree = BUILT_PRODUCTS_DIR; };
		42E352DA2E543E3B0008A8CD /* JapaneseBuddyProjUITests.xctest */ = {isa = PBXFileReference; explicitFileType = wrapper.cfbundle; includeInIndex = 0; path = JapaneseBuddyProjUITests.xctest; sourceTree = BUILT_PRODUCTS_DIR; };
		6A1A9C7A2F0F000000000001 /* .gitkeep */ = {isa = PBXFileReference; lastKnownFileType = text; path = .gitkeep; sourceTree = "<group>"; };
		6A1A9C7C2F0F000000000003 /* WiringTests.swift */ = {isa = PBXFileReference; lastKnownFileType = sourcecode.swift; path = WiringTests.swift; sourceTree = "<group>"; };
		6A1A9C802F0F000000000005 /* SRSProgressionTests.swift */ = {isa = PBXFileReference; lastKnownFileType = sourcecode.swift; path = SRSProgressionTests.swift; sourceTree = "<group>"; };
		A100000B2FFF00000000000B /* ../JapaneseBuddy/Models/Card.swift */ = {isa = PBXFileReference; lastKnownFileType = sourcecode.swift; path = ../JapaneseBuddy/Models/Card.swift; sourceTree = "<group>"; };
		A100000D2FFF00000000000D /* ../JapaneseBuddy/Models/Goal.swift */ = {isa = PBXFileReference; lastKnownFileType = sourcecode.swift; path = ../JapaneseBuddy/Models/Goal.swift; sourceTree = "<group>"; };
		A100000F2FFF00000000000F /* ../JapaneseBuddy/Models/SRS.swift */ = {isa = PBXFileReference; lastKnownFileType = sourcecode.swift; path = ../JapaneseBuddy/Models/SRS.swift; sourceTree = "<group>"; };
		A10000112FFF000000000011 /* ../JapaneseBuddy/Models/StrokeData.swift */ = {isa = PBXFileReference; lastKnownFileType = sourcecode.swift; path = ../JapaneseBuddy/Models/StrokeData.swift; sourceTree = "<group>"; };
		A10000122FFF000000000012 /* ../JapaneseBuddy/Features/Home/HomeView.swift */ = {isa = PBXFileReference; lastKnownFileType = sourcecode.swift; path = ../JapaneseBuddy/Features/Home/HomeView.swift; sourceTree = "<group>"; };
		A10000132FFF000000000013 /* ../JapaneseBuddy/Features/Home/DailyGoalCard.swift */ = {isa = PBXFileReference; lastKnownFileType = sourcecode.swift; path = ../JapaneseBuddy/Features/Home/DailyGoalCard.swift; sourceTree = "<group>"; };
		A10000142FFF000000000014 /* ../JapaneseBuddy/Features/KanaTraceView.swift */ = {isa = PBXFileReference; lastKnownFileType = sourcecode.swift; path = ../JapaneseBuddy/Features/KanaTraceView.swift; sourceTree = "<group>"; };
		A10000152FFF000000000015 /* ../JapaneseBuddy/Features/SRS/SRSView.swift */ = {isa = PBXFileReference; lastKnownFileType = sourcecode.swift; path = ../JapaneseBuddy/Features/SRS/SRSView.swift; sourceTree = "<group>"; };
		A10000162FFF000000000016 /* ../JapaneseBuddy/Features/Settings/SettingsView.swift */ = {isa = PBXFileReference; lastKnownFileType = sourcecode.swift; path = ../JapaneseBuddy/Features/Settings/SettingsView.swift; sourceTree = "<group>"; };
		A10000172FFF000000000017 /* ../JapaneseBuddy/Features/Practice/PracticeView.swift */ = {isa = PBXFileReference; lastKnownFileType = sourcecode.swift; path = ../JapaneseBuddy/Features/Practice/PracticeView.swift; sourceTree = "<group>"; };
		A10000192FFF000000000019 /* ../JapaneseBuddy/Resources/SeedData.swift */ = {isa = PBXFileReference; lastKnownFileType = sourcecode.swift; path = ../JapaneseBuddy/Resources/SeedData.swift; sourceTree = "<group>"; };
		A100001B2FFF00000000001B /* ../JapaneseBuddy/Services/DeckStore.swift */ = {isa = PBXFileReference; lastKnownFileType = sourcecode.swift; path = ../JapaneseBuddy/Services/DeckStore.swift; sourceTree = "<group>"; };
		A100001D2FFF00000000001D /* ../JapaneseBuddy/Services/Speaker.swift */ = {isa = PBXFileReference; lastKnownFileType = sourcecode.swift; path = ../JapaneseBuddy/Services/Speaker.swift; sourceTree = "<group>"; };
		A100001F2FFF00000000001F /* ../JapaneseBuddy/Services/TraceCanvas.swift */ = {isa = PBXFileReference; lastKnownFileType = sourcecode.swift; path = ../JapaneseBuddy/Services/TraceCanvas.swift; sourceTree = "<group>"; };
		A10000212FFF000000000021 /* ../JapaneseBuddy/Services/TemplateRenderer.swift */ = {isa = PBXFileReference; lastKnownFileType = sourcecode.swift; path = ../JapaneseBuddy/Services/TemplateRenderer.swift; sourceTree = "<group>"; };
		A10000232FFF000000000023 /* ../JapaneseBuddy/Services/LocalNotifications.swift */ = {isa = PBXFileReference; lastKnownFileType = sourcecode.swift; path = ../JapaneseBuddy/Services/LocalNotifications.swift; sourceTree = "<group>"; };
		A10000252FFF000000000025 /* ../JapaneseBuddy/Services/StrokePreviewLayer.swift */ = {isa = PBXFileReference; lastKnownFileType = sourcecode.swift; path = ../JapaneseBuddy/Services/StrokePreviewLayer.swift; sourceTree = "<group>"; };
		A2FF00002FFF000000000001 /* ../JapaneseBuddy/Features/Lessons/LessonRunnerView.swift */ = {isa = PBXFileReference; lastKnownFileType = sourcecode.swift; path = ../JapaneseBuddy/Features/Lessons/LessonRunnerView.swift; sourceTree = "<group>"; };
		A2FF00022FFF000000000002 /* ../JapaneseBuddy/Features/Lessons/KanjiPracticeView.swift */ = {isa = PBXFileReference; lastKnownFileType = sourcecode.swift; path = ../JapaneseBuddy/Features/Lessons/KanjiPracticeView.swift; sourceTree = "<group>"; };
		A2FF00042FFF000000000004 /* ../JapaneseBuddy/Models/KanjiWord.swift */ = {isa = PBXFileReference; lastKnownFileType = sourcecode.swift; path = ../JapaneseBuddy/Models/KanjiWord.swift; sourceTree = "<group>"; };
		A2FF00062FFF000000000006 /* ../JapaneseBuddy/Models/Lesson.swift */ = {isa = PBXFileReference; lastKnownFileType = sourcecode.swift; path = ../JapaneseBuddy/Models/Lesson.swift; sourceTree = "<group>"; };
		A2FF00082FFF000000000008 /* ../JapaneseBuddy/Services/LessonStore.swift */ = {isa = PBXFileReference; lastKnownFileType = sourcecode.swift; path = ../JapaneseBuddy/Services/LessonStore.swift; sourceTree = "<group>"; };
		A2FF000A2FFF00000000000A /* lessons */ = {isa = PBXFileReference; lastKnownFileType = folder; name = lessons; path = ../JapaneseBuddy/Resources/lessons; sourceTree = "<group>"; };
		A2FF000E2FFF00000000000E /* ../JapaneseBuddy/Models/LessonProgress.swift */ = {isa = PBXFileReference; lastKnownFileType = sourcecode.swift; path = ../JapaneseBuddy/Models/LessonProgress.swift; sourceTree = "<group>"; };
		A2FF00102FFF000000000010 /* ../JapaneseBuddy/Features/Lessons/ObjectiveView.swift */ = {isa = PBXFileReference; lastKnownFileType = sourcecode.swift; path = ../JapaneseBuddy/Features/Lessons/ObjectiveView.swift; sourceTree = "<group>"; };
		A2FF00122FFF000000000012 /* ../JapaneseBuddy/Features/Lessons/ShadowingView.swift */ = {isa = PBXFileReference; lastKnownFileType = sourcecode.swift; path = ../JapaneseBuddy/Features/Lessons/ShadowingView.swift; sourceTree = "<group>"; };
		A2FF00142FFF000000000014 /* ../JapaneseBuddy/Features/Lessons/ListeningView.swift */ = {isa = PBXFileReference; lastKnownFileType = sourcecode.swift; path = ../JapaneseBuddy/Features/Lessons/ListeningView.swift; sourceTree = "<group>"; };
		A2FF00162FFF000000000016 /* ../JapaneseBuddy/Features/Lessons/ReadingView.swift */ = {isa = PBXFileReference; lastKnownFileType = sourcecode.swift; path = ../JapaneseBuddy/Features/Lessons/ReadingView.swift; sourceTree = "<group>"; };
		A2FF00182FFF000000000018 /* ../JapaneseBuddy/Features/Lessons/CheckView.swift */ = {isa = PBXFileReference; lastKnownFileType = sourcecode.swift; path = ../JapaneseBuddy/Features/Lessons/CheckView.swift; sourceTree = "<group>"; };
		A2FF001A2FFF00000000001A /* ../JapaneseBuddy/Features/Lessons/LessonListView.swift */ = {isa = PBXFileReference; lastKnownFileType = sourcecode.swift; path = ../JapaneseBuddy/Features/Lessons/LessonListView.swift; sourceTree = "<group>"; };
		A3FF01002FFF000000000000 /* ../JapaneseBuddy/Features/Onboarding/OnboardingView.swift */ = {isa = PBXFileReference; lastKnownFileType = sourcecode.swift; path = ../JapaneseBuddy/Features/Onboarding/OnboardingView.swift; sourceTree = "<group>"; };
		A3FF01022FFF000000000002 /* ../JapaneseBuddy/Services/Haptics.swift */ = {isa = PBXFileReference; lastKnownFileType = sourcecode.swift; path = ../JapaneseBuddy/Services/Haptics.swift; sourceTree = "<group>"; };
		A3FF01042FFF000000000004 /* ../JapaneseBuddy/Services/Log.swift */ = {isa = PBXFileReference; lastKnownFileType = sourcecode.swift; path = ../JapaneseBuddy/Services/Log.swift; sourceTree = "<group>"; };
		A3FF01072FFF000000000007 /* ../JapaneseBuddy/Services/AudioEngine.swift */ = {isa = PBXFileReference; lastKnownFileType = sourcecode.swift; path = ../JapaneseBuddy/Services/AudioEngine.swift; sourceTree = "<group>"; };
		A3FF02002FFF000000000100 /* art */ = {isa = PBXFileReference; lastKnownFileType = folder; name = art; path = ../art; sourceTree = "<group>"; };
		A3FF02022FFF000000000102 /* L10n */ = {isa = PBXFileReference; lastKnownFileType = folder; name = L10n; path = ../JapaneseBuddy/Resources/L10n; sourceTree = "<group>"; };
        BUI000012FFF000000000001 /* ../JapaneseBuddy/UI/Theme.swift */ = {isa = PBXFileReference; lastKnownFileType = sourcecode.swift; path = ../JapaneseBuddy/UI/Theme.swift; sourceTree = "<group>"; };
        BUI000022FFF000000000002 /* ../JapaneseBuddy/UI/Components/JBCard.swift */ = {isa = PBXFileReference; lastKnownFileType = sourcecode.swift; path = ../JapaneseBuddy/UI/Components/JBCard.swift; sourceTree = "<group>"; };
        BUI000032FFF000000000003 /* ../JapaneseBuddy/UI/Components/EmptyState.swift */ = {isa = PBXFileReference; lastKnownFileType = sourcecode.swift; path = ../JapaneseBuddy/UI/Components/EmptyState.swift; sourceTree = "<group>"; };
        BUI000042FFF000000000004 /* ../JapaneseBuddy/UI/Components/ProgressBar.swift */ = {isa = PBXFileReference; lastKnownFileType = sourcecode.swift; path = ../JapaneseBuddy/UI/Components/ProgressBar.swift; sourceTree = "<group>"; };
        BUI000052FFF000000000005 /* ../JapaneseBuddy/UI/Components/JBButton.swift */ = {isa = PBXFileReference; lastKnownFileType = sourcecode.swift; path = ../JapaneseBuddy/UI/Components/JBButton.swift; sourceTree = "<group>"; };
        BUI000062FFF000000000006 /* ../JapaneseBuddy/UI/Components/StatTile.swift */ = {isa = PBXFileReference; lastKnownFileType = sourcecode.swift; path = ../JapaneseBuddy/UI/Components/StatTile.swift; sourceTree = "<group>"; };
        BUI000072FFF000000000007 /* ../JapaneseBuddy/UI/Components/SectionHeader.swift */ = {isa = PBXFileReference; lastKnownFileType = sourcecode.swift; path = ../JapaneseBuddy/UI/Components/SectionHeader.swift; sourceTree = "<group>"; };
        BUI000082FFF000000000008 /* ../JapaneseBuddy/Features/StatsView.swift */ = {isa = PBXFileReference; lastKnownFileType = sourcecode.swift; path = ../JapaneseBuddy/Features/StatsView.swift; sourceTree = "<group>"; };
        BUI000092FFF000000000009 /* ../JapaneseBuddy/App/AppSidebar.swift */ = {isa = PBXFileReference; lastKnownFileType = sourcecode.swift; path = ../JapaneseBuddy/App/AppSidebar.swift; sourceTree = "<group>"; };
        BUI000A12FFF00000000000A /* ../JapaneseBuddy/Features/Lessons/LessonListRedesignedView.swift */ = {isa = PBXFileReference; lastKnownFileType = sourcecode.swift; path = ../JapaneseBuddy/Features/Lessons/LessonListRedesignedView.swift; sourceTree = "<group>"; };
        BUI000B12FFF00000000000B /* ../JapaneseBuddy/UI/Components/Sparkline.swift */ = {isa = PBXFileReference; lastKnownFileType = sourcecode.swift; path = ../JapaneseBuddy/UI/Components/Sparkline.swift; sourceTree = "<group>"; };
        BUI000C12FFF00000000000C /* ../JapaneseBuddy/Services/L10n.swift */ = {isa = PBXFileReference; lastKnownFileType = sourcecode.swift; path = ../JapaneseBuddy/Services/L10n.swift; sourceTree = "<group>"; };
/* End PBXFileReference section */

/* Begin PBXFileSystemSynchronizedRootGroup section */
		42E352C42E543E390008A8CD /* JapaneseBuddyProj */ = {
			isa = PBXFileSystemSynchronizedRootGroup;
			path = JapaneseBuddyProj;
			sourceTree = "<group>";
		};
		42E352D32E543E3B0008A8CD /* JapaneseBuddyProjTests */ = {
			isa = PBXFileSystemSynchronizedRootGroup;
			path = JapaneseBuddyProjTests;
			sourceTree = "<group>";
		};
		42E352DD2E543E3B0008A8CD /* JapaneseBuddyProjUITests */ = {
			isa = PBXFileSystemSynchronizedRootGroup;
			path = JapaneseBuddyProjUITests;
			sourceTree = "<group>";
		};
/* End PBXFileSystemSynchronizedRootGroup section */

/* Begin PBXFrameworksBuildPhase section */
		42E352BF2E543E390008A8CD /* Frameworks */ = {
			isa = PBXFrameworksBuildPhase;
			buildActionMask = 2147483647;
            files = (
			);
			runOnlyForDeploymentPostprocessing = 0;
		};
		42E352CD2E543E3B0008A8CD /* Frameworks */ = {
			isa = PBXFrameworksBuildPhase;
			buildActionMask = 2147483647;
			files = (
			);
			runOnlyForDeploymentPostprocessing = 0;
		};
		42E352D72E543E3B0008A8CD /* Frameworks */ = {
			isa = PBXFrameworksBuildPhase;
			buildActionMask = 2147483647;
			files = (
			);
			runOnlyForDeploymentPostprocessing = 0;
		};
/* End PBXFrameworksBuildPhase section */

/* Begin PBXGroup section */
		42CA1C832E55B5CC00340D7A /* Recovered References */ = {
			isa = PBXGroup;
			children = (
				A100000B2FFF00000000000B /* ../JapaneseBuddy/Models/Card.swift */,
				A100000D2FFF00000000000D /* ../JapaneseBuddy/Models/Goal.swift */,
				A100000F2FFF00000000000F /* ../JapaneseBuddy/Models/SRS.swift */,
				A10000112FFF000000000011 /* ../JapaneseBuddy/Models/StrokeData.swift */,
				A10000192FFF000000000019 /* ../JapaneseBuddy/Resources/SeedData.swift */,
				A100001B2FFF00000000001B /* ../JapaneseBuddy/Services/DeckStore.swift */,
				A100001D2FFF00000000001D /* ../JapaneseBuddy/Services/Speaker.swift */,
				A100001F2FFF00000000001F /* ../JapaneseBuddy/Services/TraceCanvas.swift */,
				A10000212FFF000000000021 /* ../JapaneseBuddy/Services/TemplateRenderer.swift */,
				A10000232FFF000000000023 /* ../JapaneseBuddy/Services/LocalNotifications.swift */,
				A10000252FFF000000000025 /* ../JapaneseBuddy/Services/StrokePreviewLayer.swift */,
				A10000122FFF000000000012 /* ../JapaneseBuddy/Features/Home/HomeView.swift */,
				A10000132FFF000000000013 /* ../JapaneseBuddy/Features/Home/DailyGoalCard.swift */,
				A10000142FFF000000000014 /* ../JapaneseBuddy/Features/KanaTraceView.swift */,
				A10000152FFF000000000015 /* ../JapaneseBuddy/Features/SRS/SRSView.swift */,
				A10000162FFF000000000016 /* ../JapaneseBuddy/Features/Settings/SettingsView.swift */,
				A10000172FFF000000000017 /* ../JapaneseBuddy/Features/Practice/PracticeView.swift */,
				A2FF00002FFF000000000001 /* ../JapaneseBuddy/Features/Lessons/LessonRunnerView.swift */,
				A2FF00022FFF000000000002 /* ../JapaneseBuddy/Features/Lessons/KanjiPracticeView.swift */,
				A2FF00042FFF000000000004 /* ../JapaneseBuddy/Models/KanjiWord.swift */,
				A2FF00062FFF000000000006 /* ../JapaneseBuddy/Models/Lesson.swift */,
				A2FF00082FFF000000000008 /* ../JapaneseBuddy/Services/LessonStore.swift */,
				A2FF000A2FFF00000000000A /* lessons */,
				A2FF000E2FFF00000000000E /* ../JapaneseBuddy/Models/LessonProgress.swift */,
				A2FF00102FFF000000000010 /* ../JapaneseBuddy/Features/Lessons/ObjectiveView.swift */,
				A2FF00122FFF000000000012 /* ../JapaneseBuddy/Features/Lessons/ShadowingView.swift */,
				A2FF00142FFF000000000014 /* ../JapaneseBuddy/Features/Lessons/ListeningView.swift */,
				A2FF00162FFF000000000016 /* ../JapaneseBuddy/Features/Lessons/ReadingView.swift */,
				A2FF00182FFF000000000018 /* ../JapaneseBuddy/Features/Lessons/CheckView.swift */,
				A2FF001A2FFF00000000001A /* ../JapaneseBuddy/Features/Lessons/LessonListView.swift */,
				A3FF02002FFF000000000100 /* art */,
				A3FF02022FFF000000000102 /* L10n */,
			);
			name = "Recovered References";
			sourceTree = "<group>";
		};
		42E352B92E543E390008A8CD = {
			isa = PBXGroup;
			children = (
				42E352C42E543E390008A8CD /* JapaneseBuddyProj */,
				42E352D32E543E3B0008A8CD /* JapaneseBuddyProjTests */,
				42E352DD2E543E3B0008A8CD /* JapaneseBuddyProjUITests */,
				42E352C32E543E390008A8CD /* Products */,
				6A1A9C7B2F0F000000000002 /* JapaneseBuddyTests */,
				42CA1C832E55B5CC00340D7A /* Recovered References */,
			);
			sourceTree = "<group>";
		};
		42E352C32E543E390008A8CD /* Products */ = {
			isa = PBXGroup;
			children = (
				42E352C22E543E390008A8CD /* JapaneseBuddyProj.app */,
				42E352D02E543E3B0008A8CD /* JapaneseBuddyProjTests.xctest */,
				42E352DA2E543E3B0008A8CD /* JapaneseBuddyProjUITests.xctest */,
			);
			name = Products;
			sourceTree = "<group>";
		};
		6A1A9C7B2F0F000000000002 /* JapaneseBuddyTests */ = {
			isa = PBXGroup;
			children = (
				6A1A9C7A2F0F000000000001 /* .gitkeep */,
				6A1A9C7C2F0F000000000003 /* WiringTests.swift */,
				6A1A9C802F0F000000000005 /* SRSProgressionTests.swift */,
			);
			name = JapaneseBuddyTests;
			path = ../JapaneseBuddyTests;
			sourceTree = "<group>";
		};
/* End PBXGroup section */

/* Begin PBXNativeTarget section */
		42E352C12E543E390008A8CD /* JapaneseBuddyProj */ = {
			isa = PBXNativeTarget;
			buildConfigurationList = 42E352E42E543E3B0008A8CD /* Build configuration list for PBXNativeTarget "JapaneseBuddyProj" */;
			buildPhases = (
				42E352BE2E543E390008A8CD /* Sources */,
				42E352BF2E543E390008A8CD /* Frameworks */,
				42E352C02E543E390008A8CD /* Resources */,
			);
			buildRules = (
			);
			dependencies = (
			);
			fileSystemSynchronizedGroups = (
				42E352C42E543E390008A8CD /* JapaneseBuddyProj */,
			);
			name = JapaneseBuddyProj;
			packageProductDependencies = (
			);
			productName = JapaneseBuddyProj;
			productReference = 42E352C22E543E390008A8CD /* JapaneseBuddyProj.app */;
			productType = "com.apple.product-type.application";
		};
		42E352CF2E543E3B0008A8CD /* JapaneseBuddyProjTests */ = {
			isa = PBXNativeTarget;
			buildConfigurationList = 42E352E72E543E3B0008A8CD /* Build configuration list for PBXNativeTarget "JapaneseBuddyProjTests" */;
			buildPhases = (
				42E352CC2E543E3B0008A8CD /* Sources */,
				42E352CD2E543E3B0008A8CD /* Frameworks */,
				42E352CE2E543E3B0008A8CD /* Resources */,
			);
			buildRules = (
			);
			dependencies = (
				42E352D22E543E3B0008A8CD /* PBXTargetDependency */,
			);
			fileSystemSynchronizedGroups = (
				42E352D32E543E3B0008A8CD /* JapaneseBuddyProjTests */,
			);
			name = JapaneseBuddyProjTests;
			packageProductDependencies = (
			);
			productName = JapaneseBuddyProjTests;
			productReference = 42E352D02E543E3B0008A8CD /* JapaneseBuddyProjTests.xctest */;
			productType = "com.apple.product-type.bundle.unit-test";
		};
		42E352D92E543E3B0008A8CD /* JapaneseBuddyProjUITests */ = {
			isa = PBXNativeTarget;
			buildConfigurationList = 42E352EA2E543E3B0008A8CD /* Build configuration list for PBXNativeTarget "JapaneseBuddyProjUITests" */;
			buildPhases = (
				42E352D62E543E3B0008A8CD /* Sources */,
				42E352D72E543E3B0008A8CD /* Frameworks */,
				42E352D82E543E3B0008A8CD /* Resources */,
			);
			buildRules = (
			);
			dependencies = (
				42E352DC2E543E3B0008A8CD /* PBXTargetDependency */,
			);
			fileSystemSynchronizedGroups = (
				42E352DD2E543E3B0008A8CD /* JapaneseBuddyProjUITests */,
			);
			name = JapaneseBuddyProjUITests;
			packageProductDependencies = (
			);
			productName = JapaneseBuddyProjUITests;
			productReference = 42E352DA2E543E3B0008A8CD /* JapaneseBuddyProjUITests.xctest */;
			productType = "com.apple.product-type.bundle.ui-testing";
		};
/* End PBXNativeTarget section */

/* Begin PBXProject section */
		42E352BA2E543E390008A8CD /* Project object */ = {
			isa = PBXProject;
			attributes = {
				BuildIndependentTargetsInParallel = 1;
				LastSwiftUpdateCheck = 1640;
				LastUpgradeCheck = 1640;
				TargetAttributes = {
					42E352C12E543E390008A8CD = {
						CreatedOnToolsVersion = 16.4;
					};
					42E352CF2E543E3B0008A8CD = {
						CreatedOnToolsVersion = 16.4;
						TestTargetID = 42E352C12E543E390008A8CD;
					};
					42E352D92E543E3B0008A8CD = {
						CreatedOnToolsVersion = 16.4;
						TestTargetID = 42E352C12E543E390008A8CD;
					};
				};
			};
			buildConfigurationList = 42E352BD2E543E390008A8CD /* Build configuration list for PBXProject "JapaneseBuddyProj" */;
			developmentRegion = en;
			hasScannedForEncodings = 0;
			knownRegions = (
				en,
				Base,
			);
			mainGroup = 42E352B92E543E390008A8CD;
			minimizedProjectReferenceProxies = 1;
			preferredProjectObjectVersion = 77;
			productRefGroup = 42E352C32E543E390008A8CD /* Products */;
			projectDirPath = "";
			projectRoot = "";
			targets = (
				42E352C12E543E390008A8CD /* JapaneseBuddyProj */,
				42E352CF2E543E3B0008A8CD /* JapaneseBuddyProjTests */,
				42E352D92E543E3B0008A8CD /* JapaneseBuddyProjUITests */,
			);
		};
/* End PBXProject section */

/* Begin PBXResourcesBuildPhase section */
		42E352C02E543E390008A8CD /* Resources */ = {
			isa = PBXResourcesBuildPhase;
			buildActionMask = 2147483647;
			files = (
				A2FF000B2FFF00000000000B /* lessons in Resources */,
				A3FF02012FFF000000000101 /* art in Resources */,
				A3FF02032FFF000000000103 /* L10n in Resources */,
			);
			runOnlyForDeploymentPostprocessing = 0;
		};
		42E352CE2E543E3B0008A8CD /* Resources */ = {
			isa = PBXResourcesBuildPhase;
			buildActionMask = 2147483647;
			files = (
			);
			runOnlyForDeploymentPostprocessing = 0;
		};
		42E352D82E543E3B0008A8CD /* Resources */ = {
			isa = PBXResourcesBuildPhase;
			buildActionMask = 2147483647;
			files = (
			);
			runOnlyForDeploymentPostprocessing = 0;
		};
/* End PBXResourcesBuildPhase section */

/* Begin PBXSourcesBuildPhase section */
		42E352BE2E543E390008A8CD /* Sources */ = {
			isa = PBXSourcesBuildPhase;
			buildActionMask = 2147483647;
			files = (
				A100000A2FFF00000000000A /* ../JapaneseBuddy/Models/Card.swift in Sources */,
				A100000C2FFF00000000000C /* ../JapaneseBuddy/Models/Goal.swift in Sources */,
				A100000E2FFF00000000000E /* ../JapaneseBuddy/Models/SRS.swift in Sources */,
				A10000102FFF000000000010 /* ../JapaneseBuddy/Models/StrokeData.swift in Sources */,
				A10000182FFF000000000018 /* ../JapaneseBuddy/Resources/SeedData.swift in Sources */,
				A100001A2FFF00000000001A /* ../JapaneseBuddy/Services/DeckStore.swift in Sources */,
				A100001C2FFF00000000001C /* ../JapaneseBuddy/Services/Speaker.swift in Sources */,
				A100001E2FFF00000000001E /* ../JapaneseBuddy/Services/TraceCanvas.swift in Sources */,
				A10000202FFF000000000020 /* ../JapaneseBuddy/Services/TemplateRenderer.swift in Sources */,
				A10000222FFF000000000022 /* ../JapaneseBuddy/Services/LocalNotifications.swift in Sources */,
				A10000242FFF000000000024 /* ../JapaneseBuddy/Services/StrokePreviewLayer.swift in Sources */,
				A10000042FFF000000000004 /* ../JapaneseBuddy/Features/Home/HomeView.swift in Sources */,
				A10000052FFF000000000005 /* ../JapaneseBuddy/Features/Home/DailyGoalCard.swift in Sources */,
				A10000062FFF000000000006 /* ../JapaneseBuddy/Features/KanaTraceView.swift in Sources */,
				A10000072FFF000000000007 /* ../JapaneseBuddy/Features/SRS/SRSView.swift in Sources */,
				A10000082FFF000000000008 /* ../JapaneseBuddy/Features/Settings/SettingsView.swift in Sources */,
				A10000092FFF000000000009 /* ../JapaneseBuddy/Features/Practice/PracticeView.swift in Sources */,
				A2FF00012FFF000000000001 /* ../JapaneseBuddy/Features/Lessons/LessonRunnerView.swift in Sources */,
				A2FF00032FFF000000000003 /* ../JapaneseBuddy/Features/Lessons/KanjiPracticeView.swift in Sources */,
				A2FF00052FFF000000000005 /* ../JapaneseBuddy/Models/KanjiWord.swift in Sources */,
				A2FF00072FFF000000000007 /* ../JapaneseBuddy/Models/Lesson.swift in Sources */,
				A2FF00092FFF000000000009 /* ../JapaneseBuddy/Services/LessonStore.swift in Sources */,
				A2FF000F2FFF00000000000F /* ../JapaneseBuddy/Models/LessonProgress.swift in Sources */,
				A2FF00112FFF000000000011 /* ../JapaneseBuddy/Features/Lessons/ObjectiveView.swift in Sources */,
				A2FF00132FFF000000000013 /* ../JapaneseBuddy/Features/Lessons/ShadowingView.swift in Sources */,
				A2FF00152FFF000000000015 /* ../JapaneseBuddy/Features/Lessons/ListeningView.swift in Sources */,
				A2FF00172FFF000000000017 /* ../JapaneseBuddy/Features/Lessons/ReadingView.swift in Sources */,
				A2FF00192FFF000000000019 /* ../JapaneseBuddy/Features/Lessons/CheckView.swift in Sources */,
				A2FF001B2FFF00000000001B /* ../JapaneseBuddy/Features/Lessons/LessonListView.swift in Sources */,
				A3FF01012FFF000000000001 /* ../JapaneseBuddy/Features/Onboarding/OnboardingView.swift in Sources */,
				A3FF01032FFF000000000003 /* ../JapaneseBuddy/Services/Haptics.swift in Sources */,
				A3FF01052FFF000000000005 /* ../JapaneseBuddy/Services/Log.swift in Sources */,
				A3FF01062FFF000000000006 /* ../JapaneseBuddy/Services/AudioEngine.swift in Sources */,
				BUI000112FFF000000000001 /* ../JapaneseBuddy/UI/Theme.swift in Sources */,
				BUI000122FFF000000000002 /* ../JapaneseBuddy/UI/Components/JBCard.swift in Sources */,
				BUI000132FFF000000000003 /* ../JapaneseBuddy/UI/Components/EmptyState.swift in Sources */,
				BUI000142FFF000000000004 /* ../JapaneseBuddy/UI/Components/ProgressBar.swift in Sources */,
				BUI000152FFF000000000005 /* ../JapaneseBuddy/UI/Components/JBButton.swift in Sources */,
				BUI000162FFF000000000006 /* ../JapaneseBuddy/UI/Components/StatTile.swift in Sources */,
                BUI000172FFF000000000007 /* ../JapaneseBuddy/UI/Components/SectionHeader.swift in Sources */,
                BUI000182FFF000000000008 /* ../JapaneseBuddy/Features/StatsView.swift in Sources */,
                BUI000192FFF000000000009 /* ../JapaneseBuddy/App/AppSidebar.swift in Sources */,
                BUI000A22FFF00000000000B /* ../JapaneseBuddy/Features/Lessons/LessonListRedesignedView.swift in Sources */,
                BUI000B22FFF00000000000C /* ../JapaneseBuddy/UI/Components/Sparkline.swift in Sources */,
                BUI000C22FFF00000000000D /* ../JapaneseBuddy/Services/L10n.swift in Sources */,
            );
			runOnlyForDeploymentPostprocessing = 0;
		};
		42E352CC2E543E3B0008A8CD /* Sources */ = {
			isa = PBXSourcesBuildPhase;
			buildActionMask = 2147483647;
			files = (
				6A1A9C7D2F0F000000000004 /* WiringTests.swift in Sources */,
				6A1A9C812F0F000000000006 /* SRSProgressionTests.swift in Sources */,
			);
			runOnlyForDeploymentPostprocessing = 0;
		};
		42E352D62E543E3B0008A8CD /* Sources */ = {
			isa = PBXSourcesBuildPhase;
			buildActionMask = 2147483647;
			files = (
			);
			runOnlyForDeploymentPostprocessing = 0;
		};
/* End PBXSourcesBuildPhase section */

/* Begin PBXTargetDependency section */
		42E352D22E543E3B0008A8CD /* PBXTargetDependency */ = {
			isa = PBXTargetDependency;
			target = 42E352C12E543E390008A8CD /* JapaneseBuddyProj */;
			targetProxy = 42E352D12E543E3B0008A8CD /* PBXContainerItemProxy */;
		};
		42E352DC2E543E3B0008A8CD /* PBXTargetDependency */ = {
			isa = PBXTargetDependency;
			target = 42E352C12E543E390008A8CD /* JapaneseBuddyProj */;
			targetProxy = 42E352DB2E543E3B0008A8CD /* PBXContainerItemProxy */;
		};
/* End PBXTargetDependency section */

/* Begin XCBuildConfiguration section */
		42E352E22E543E3B0008A8CD /* Debug */ = {
			isa = XCBuildConfiguration;
			buildSettings = {
				ALWAYS_SEARCH_USER_PATHS = NO;
				ASSETCATALOG_COMPILER_GENERATE_SWIFT_ASSET_SYMBOL_EXTENSIONS = YES;
				CLANG_ANALYZER_NONNULL = YES;
				CLANG_ANALYZER_NUMBER_OBJECT_CONVERSION = YES_AGGRESSIVE;
				CLANG_CXX_LANGUAGE_STANDARD = "gnu++20";
				CLANG_ENABLE_MODULES = YES;
				CLANG_ENABLE_OBJC_ARC = YES;
				CLANG_ENABLE_OBJC_WEAK = YES;
				CLANG_WARN_BLOCK_CAPTURE_AUTORELEASING = YES;
				CLANG_WARN_BOOL_CONVERSION = YES;
				CLANG_WARN_COMMA = YES;
				CLANG_WARN_CONSTANT_CONVERSION = YES;
				CLANG_WARN_DEPRECATED_OBJC_IMPLEMENTATIONS = YES;
				CLANG_WARN_DIRECT_OBJC_ISA_USAGE = YES_ERROR;
				CLANG_WARN_DOCUMENTATION_COMMENTS = YES;
				CLANG_WARN_EMPTY_BODY = YES;
				CLANG_WARN_ENUM_CONVERSION = YES;
				CLANG_WARN_INFINITE_RECURSION = YES;
				CLANG_WARN_INT_CONVERSION = YES;
				CLANG_WARN_NON_LITERAL_NULL_CONVERSION = YES;
				CLANG_WARN_OBJC_IMPLICIT_RETAIN_SELF = YES;
				CLANG_WARN_OBJC_LITERAL_CONVERSION = YES;
				CLANG_WARN_OBJC_ROOT_CLASS = YES_ERROR;
				CLANG_WARN_QUOTED_INCLUDE_IN_FRAMEWORK_HEADER = YES;
				CLANG_WARN_RANGE_LOOP_ANALYSIS = YES;
				CLANG_WARN_STRICT_PROTOTYPES = YES;
				CLANG_WARN_SUSPICIOUS_MOVE = YES;
				CLANG_WARN_UNGUARDED_AVAILABILITY = YES_AGGRESSIVE;
				CLANG_WARN_UNREACHABLE_CODE = YES;
				CLANG_WARN__DUPLICATE_METHOD_MATCH = YES;
				COPY_PHASE_STRIP = NO;
				DEBUG_INFORMATION_FORMAT = dwarf;
				DEVELOPMENT_TEAM = G7T9BSQY9K;
				ENABLE_STRICT_OBJC_MSGSEND = YES;
				ENABLE_TESTABILITY = YES;
				ENABLE_USER_SCRIPT_SANDBOXING = YES;
				GCC_C_LANGUAGE_STANDARD = gnu17;
				GCC_DYNAMIC_NO_PIC = NO;
				GCC_NO_COMMON_BLOCKS = YES;
				GCC_OPTIMIZATION_LEVEL = 0;
				GCC_PREPROCESSOR_DEFINITIONS = (
					"DEBUG=1",
					"$(inherited)",
				);
				GCC_WARN_64_TO_32_BIT_CONVERSION = YES;
				GCC_WARN_ABOUT_RETURN_TYPE = YES_ERROR;
				GCC_WARN_UNDECLARED_SELECTOR = YES;
				GCC_WARN_UNINITIALIZED_AUTOS = YES_AGGRESSIVE;
				GCC_WARN_UNUSED_FUNCTION = YES;
				GCC_WARN_UNUSED_VARIABLE = YES;
				LOCALIZATION_PREFERS_STRING_CATALOGS = YES;
				MTL_ENABLE_DEBUG_INFO = INCLUDE_SOURCE;
				MTL_FAST_MATH = YES;
				ONLY_ACTIVE_ARCH = YES;
				SWIFT_ACTIVE_COMPILATION_CONDITIONS = "DEBUG $(inherited)";
				SWIFT_OPTIMIZATION_LEVEL = "-Onone";
			};
			name = Debug;
		};
		42E352E32E543E3B0008A8CD /* Release */ = {
			isa = XCBuildConfiguration;
			buildSettings = {
				ALWAYS_SEARCH_USER_PATHS = NO;
				ASSETCATALOG_COMPILER_GENERATE_SWIFT_ASSET_SYMBOL_EXTENSIONS = YES;
				CLANG_ANALYZER_NONNULL = YES;
				CLANG_ANALYZER_NUMBER_OBJECT_CONVERSION = YES_AGGRESSIVE;
				CLANG_CXX_LANGUAGE_STANDARD = "gnu++20";
				CLANG_ENABLE_MODULES = YES;
				CLANG_ENABLE_OBJC_ARC = YES;
				CLANG_ENABLE_OBJC_WEAK = YES;
				CLANG_WARN_BLOCK_CAPTURE_AUTORELEASING = YES;
				CLANG_WARN_BOOL_CONVERSION = YES;
				CLANG_WARN_COMMA = YES;
				CLANG_WARN_CONSTANT_CONVERSION = YES;
				CLANG_WARN_DEPRECATED_OBJC_IMPLEMENTATIONS = YES;
				CLANG_WARN_DIRECT_OBJC_ISA_USAGE = YES_ERROR;
				CLANG_WARN_DOCUMENTATION_COMMENTS = YES;
				CLANG_WARN_EMPTY_BODY = YES;
				CLANG_WARN_ENUM_CONVERSION = YES;
				CLANG_WARN_INFINITE_RECURSION = YES;
				CLANG_WARN_INT_CONVERSION = YES;
				CLANG_WARN_NON_LITERAL_NULL_CONVERSION = YES;
				CLANG_WARN_OBJC_IMPLICIT_RETAIN_SELF = YES;
				CLANG_WARN_OBJC_LITERAL_CONVERSION = YES;
				CLANG_WARN_OBJC_ROOT_CLASS = YES_ERROR;
				CLANG_WARN_QUOTED_INCLUDE_IN_FRAMEWORK_HEADER = YES;
				CLANG_WARN_RANGE_LOOP_ANALYSIS = YES;
				CLANG_WARN_STRICT_PROTOTYPES = YES;
				CLANG_WARN_SUSPICIOUS_MOVE = YES;
				CLANG_WARN_UNGUARDED_AVAILABILITY = YES_AGGRESSIVE;
				CLANG_WARN_UNREACHABLE_CODE = YES;
				CLANG_WARN__DUPLICATE_METHOD_MATCH = YES;
				COPY_PHASE_STRIP = NO;
				DEBUG_INFORMATION_FORMAT = "dwarf-with-dsym";
				DEVELOPMENT_TEAM = G7T9BSQY9K;
				ENABLE_NS_ASSERTIONS = NO;
				ENABLE_STRICT_OBJC_MSGSEND = YES;
				ENABLE_USER_SCRIPT_SANDBOXING = YES;
				GCC_C_LANGUAGE_STANDARD = gnu17;
				GCC_NO_COMMON_BLOCKS = YES;
				GCC_WARN_64_TO_32_BIT_CONVERSION = YES;
				GCC_WARN_ABOUT_RETURN_TYPE = YES_ERROR;
				GCC_WARN_UNDECLARED_SELECTOR = YES;
				GCC_WARN_UNINITIALIZED_AUTOS = YES_AGGRESSIVE;
				GCC_WARN_UNUSED_FUNCTION = YES;
				GCC_WARN_UNUSED_VARIABLE = YES;
				LOCALIZATION_PREFERS_STRING_CATALOGS = YES;
				MTL_ENABLE_DEBUG_INFO = NO;
				MTL_FAST_MATH = YES;
				SWIFT_COMPILATION_MODE = wholemodule;
			};
			name = Release;
		};
		42E352E52E543E3B0008A8CD /* Debug */ = {
			isa = XCBuildConfiguration;
			buildSettings = {
				ASSETCATALOG_COMPILER_APPICON_NAME = AppIcon;
				ASSETCATALOG_COMPILER_GLOBAL_ACCENT_COLOR_NAME = AccentColor;
				CODE_SIGN_ENTITLEMENTS = JapaneseBuddyProj/JapaneseBuddyProj.entitlements;
				CODE_SIGN_STYLE = Automatic;
				CURRENT_PROJECT_VERSION = 1;
				DEVELOPMENT_TEAM = G7T9BSQY9K;
				ENABLE_HARDENED_RUNTIME = YES;
				ENABLE_PREVIEWS = YES;
				GENERATE_INFOPLIST_FILE = YES;
				"INFOPLIST_KEY_UIApplicationSceneManifest_Generation[sdk=iphoneos*]" = YES;
				"INFOPLIST_KEY_UIApplicationSceneManifest_Generation[sdk=iphonesimulator*]" = YES;
				"INFOPLIST_KEY_UIApplicationSupportsIndirectInputEvents[sdk=iphoneos*]" = YES;
				"INFOPLIST_KEY_UIApplicationSupportsIndirectInputEvents[sdk=iphonesimulator*]" = YES;
				"INFOPLIST_KEY_UILaunchScreen_Generation[sdk=iphoneos*]" = YES;
				"INFOPLIST_KEY_UILaunchScreen_Generation[sdk=iphonesimulator*]" = YES;
				"INFOPLIST_KEY_UIStatusBarStyle[sdk=iphoneos*]" = UIStatusBarStyleDefault;
				"INFOPLIST_KEY_UIStatusBarStyle[sdk=iphonesimulator*]" = UIStatusBarStyleDefault;
				INFOPLIST_KEY_UISupportedInterfaceOrientations_iPad = "UIInterfaceOrientationPortrait UIInterfaceOrientationPortraitUpsideDown UIInterfaceOrientationLandscapeLeft UIInterfaceOrientationLandscapeRight";
				INFOPLIST_KEY_UISupportedInterfaceOrientations_iPhone = "UIInterfaceOrientationPortrait UIInterfaceOrientationLandscapeLeft UIInterfaceOrientationLandscapeRight";
				IPHONEOS_DEPLOYMENT_TARGET = 18.5;
				LD_RUNPATH_SEARCH_PATHS = "@executable_path/Frameworks";
				"LD_RUNPATH_SEARCH_PATHS[sdk=macosx*]" = "@executable_path/../Frameworks";
				MACOSX_DEPLOYMENT_TARGET = 15.5;
				MARKETING_VERSION = 1.0;
				PRODUCT_BUNDLE_IDENTIFIER = com.yordam.JapaneseBuddyProj;
				PRODUCT_NAME = "$(TARGET_NAME)";
				REGISTER_APP_GROUPS = YES;
				SDKROOT = auto;
				SUPPORTED_PLATFORMS = "iphoneos iphonesimulator macosx xros xrsimulator";
				SWIFT_EMIT_LOC_STRINGS = YES;
				SWIFT_VERSION = 5.0;
				TARGETED_DEVICE_FAMILY = "1,2,7";
				XROS_DEPLOYMENT_TARGET = 2.5;
			};
			name = Debug;
		};
		42E352E62E543E3B0008A8CD /* Release */ = {
			isa = XCBuildConfiguration;
			buildSettings = {
				ASSETCATALOG_COMPILER_APPICON_NAME = AppIcon;
				ASSETCATALOG_COMPILER_GLOBAL_ACCENT_COLOR_NAME = AccentColor;
				CODE_SIGN_ENTITLEMENTS = JapaneseBuddyProj/JapaneseBuddyProj.entitlements;
				CODE_SIGN_STYLE = Automatic;
				CURRENT_PROJECT_VERSION = 1;
				DEVELOPMENT_TEAM = G7T9BSQY9K;
				ENABLE_HARDENED_RUNTIME = YES;
				ENABLE_PREVIEWS = YES;
				GENERATE_INFOPLIST_FILE = YES;
				"INFOPLIST_KEY_UIApplicationSceneManifest_Generation[sdk=iphoneos*]" = YES;
				"INFOPLIST_KEY_UIApplicationSceneManifest_Generation[sdk=iphonesimulator*]" = YES;
				"INFOPLIST_KEY_UIApplicationSupportsIndirectInputEvents[sdk=iphoneos*]" = YES;
				"INFOPLIST_KEY_UIApplicationSupportsIndirectInputEvents[sdk=iphonesimulator*]" = YES;
				"INFOPLIST_KEY_UILaunchScreen_Generation[sdk=iphoneos*]" = YES;
				"INFOPLIST_KEY_UILaunchScreen_Generation[sdk=iphonesimulator*]" = YES;
				"INFOPLIST_KEY_UIStatusBarStyle[sdk=iphoneos*]" = UIStatusBarStyleDefault;
				"INFOPLIST_KEY_UIStatusBarStyle[sdk=iphonesimulator*]" = UIStatusBarStyleDefault;
				INFOPLIST_KEY_UISupportedInterfaceOrientations_iPad = "UIInterfaceOrientationPortrait UIInterfaceOrientationPortraitUpsideDown UIInterfaceOrientationLandscapeLeft UIInterfaceOrientationLandscapeRight";
				INFOPLIST_KEY_UISupportedInterfaceOrientations_iPhone = "UIInterfaceOrientationPortrait UIInterfaceOrientationLandscapeLeft UIInterfaceOrientationLandscapeRight";
				IPHONEOS_DEPLOYMENT_TARGET = 18.5;
				LD_RUNPATH_SEARCH_PATHS = "@executable_path/Frameworks";
				"LD_RUNPATH_SEARCH_PATHS[sdk=macosx*]" = "@executable_path/../Frameworks";
				MACOSX_DEPLOYMENT_TARGET = 15.5;
				MARKETING_VERSION = 1.0;
				PRODUCT_BUNDLE_IDENTIFIER = com.yordam.JapaneseBuddyProj;
				PRODUCT_NAME = "$(TARGET_NAME)";
				REGISTER_APP_GROUPS = YES;
				SDKROOT = auto;
				SUPPORTED_PLATFORMS = "iphoneos iphonesimulator macosx xros xrsimulator";
				SWIFT_EMIT_LOC_STRINGS = YES;
				SWIFT_VERSION = 5.0;
				TARGETED_DEVICE_FAMILY = "1,2,7";
				XROS_DEPLOYMENT_TARGET = 2.5;
			};
			name = Release;
		};
		42E352E82E543E3B0008A8CD /* Debug */ = {
			isa = XCBuildConfiguration;
			buildSettings = {
				BUNDLE_LOADER = "$(TEST_HOST)";
				CODE_SIGN_STYLE = Automatic;
				CURRENT_PROJECT_VERSION = 1;
				DEVELOPMENT_TEAM = G7T9BSQY9K;
				GENERATE_INFOPLIST_FILE = YES;
				IPHONEOS_DEPLOYMENT_TARGET = 18.5;
				MACOSX_DEPLOYMENT_TARGET = 15.5;
				MARKETING_VERSION = 1.0;
				PRODUCT_BUNDLE_IDENTIFIER = com.yordam.JapaneseBuddyProjTests;
				PRODUCT_NAME = "$(TARGET_NAME)";
				SDKROOT = auto;
				SUPPORTED_PLATFORMS = "iphoneos iphonesimulator macosx xros xrsimulator";
				SWIFT_EMIT_LOC_STRINGS = NO;
				SWIFT_VERSION = 5.0;
				TARGETED_DEVICE_FAMILY = "1,2,7";
				TEST_HOST = "$(BUILT_PRODUCTS_DIR)/JapaneseBuddyProj.app/$(BUNDLE_EXECUTABLE_FOLDER_PATH)/JapaneseBuddyProj";
				XROS_DEPLOYMENT_TARGET = 2.5;
			};
			name = Debug;
		};
		42E352E92E543E3B0008A8CD /* Release */ = {
			isa = XCBuildConfiguration;
			buildSettings = {
				BUNDLE_LOADER = "$(TEST_HOST)";
				CODE_SIGN_STYLE = Automatic;
				CURRENT_PROJECT_VERSION = 1;
				DEVELOPMENT_TEAM = G7T9BSQY9K;
				GENERATE_INFOPLIST_FILE = YES;
				IPHONEOS_DEPLOYMENT_TARGET = 18.5;
				MACOSX_DEPLOYMENT_TARGET = 15.5;
				MARKETING_VERSION = 1.0;
				PRODUCT_BUNDLE_IDENTIFIER = com.yordam.JapaneseBuddyProjTests;
				PRODUCT_NAME = "$(TARGET_NAME)";
				SDKROOT = auto;
				SUPPORTED_PLATFORMS = "iphoneos iphonesimulator macosx xros xrsimulator";
				SWIFT_EMIT_LOC_STRINGS = NO;
				SWIFT_VERSION = 5.0;
				TARGETED_DEVICE_FAMILY = "1,2,7";
				TEST_HOST = "$(BUILT_PRODUCTS_DIR)/JapaneseBuddyProj.app/$(BUNDLE_EXECUTABLE_FOLDER_PATH)/JapaneseBuddyProj";
				XROS_DEPLOYMENT_TARGET = 2.5;
			};
			name = Release;
		};
		42E352EB2E543E3B0008A8CD /* Debug */ = {
			isa = XCBuildConfiguration;
			buildSettings = {
				CODE_SIGN_STYLE = Automatic;
				CURRENT_PROJECT_VERSION = 1;
				DEVELOPMENT_TEAM = G7T9BSQY9K;
				GENERATE_INFOPLIST_FILE = YES;
				IPHONEOS_DEPLOYMENT_TARGET = 18.5;
				MACOSX_DEPLOYMENT_TARGET = 15.5;
				MARKETING_VERSION = 1.0;
				PRODUCT_BUNDLE_IDENTIFIER = com.yordam.JapaneseBuddyProjUITests;
				PRODUCT_NAME = "$(TARGET_NAME)";
				SDKROOT = auto;
				SUPPORTED_PLATFORMS = "iphoneos iphonesimulator macosx xros xrsimulator";
				SWIFT_EMIT_LOC_STRINGS = NO;
				SWIFT_VERSION = 5.0;
				TARGETED_DEVICE_FAMILY = "1,2,7";
				TEST_TARGET_NAME = JapaneseBuddyProj;
				XROS_DEPLOYMENT_TARGET = 2.5;
			};
			name = Debug;
		};
		42E352EC2E543E3B0008A8CD /* Release */ = {
			isa = XCBuildConfiguration;
			buildSettings = {
				CODE_SIGN_STYLE = Automatic;
				CURRENT_PROJECT_VERSION = 1;
				DEVELOPMENT_TEAM = G7T9BSQY9K;
				GENERATE_INFOPLIST_FILE = YES;
				IPHONEOS_DEPLOYMENT_TARGET = 18.5;
				MACOSX_DEPLOYMENT_TARGET = 15.5;
				MARKETING_VERSION = 1.0;
				PRODUCT_BUNDLE_IDENTIFIER = com.yordam.JapaneseBuddyProjUITests;
				PRODUCT_NAME = "$(TARGET_NAME)";
				SDKROOT = auto;
				SUPPORTED_PLATFORMS = "iphoneos iphonesimulator macosx xros xrsimulator";
				SWIFT_EMIT_LOC_STRINGS = NO;
				SWIFT_VERSION = 5.0;
				TARGETED_DEVICE_FAMILY = "1,2,7";
				TEST_TARGET_NAME = JapaneseBuddyProj;
				XROS_DEPLOYMENT_TARGET = 2.5;
			};
			name = Release;
		};
/* End XCBuildConfiguration section */

/* Begin XCConfigurationList section */
		42E352BD2E543E390008A8CD /* Build configuration list for PBXProject "JapaneseBuddyProj" */ = {
			isa = XCConfigurationList;
			buildConfigurations = (
				42E352E22E543E3B0008A8CD /* Debug */,
				42E352E32E543E3B0008A8CD /* Release */,
			);
			defaultConfigurationIsVisible = 0;
			defaultConfigurationName = Release;
		};
		42E352E42E543E3B0008A8CD /* Build configuration list for PBXNativeTarget "JapaneseBuddyProj" */ = {
			isa = XCConfigurationList;
			buildConfigurations = (
				42E352E52E543E3B0008A8CD /* Debug */,
				42E352E62E543E3B0008A8CD /* Release */,
			);
			defaultConfigurationIsVisible = 0;
			defaultConfigurationName = Release;
		};
		42E352E72E543E3B0008A8CD /* Build configuration list for PBXNativeTarget "JapaneseBuddyProjTests" */ = {
			isa = XCConfigurationList;
			buildConfigurations = (
				42E352E82E543E3B0008A8CD /* Debug */,
				42E352E92E543E3B0008A8CD /* Release */,
			);
			defaultConfigurationIsVisible = 0;
			defaultConfigurationName = Release;
		};
		42E352EA2E543E3B0008A8CD /* Build configuration list for PBXNativeTarget "JapaneseBuddyProjUITests" */ = {
			isa = XCConfigurationList;
			buildConfigurations = (
				42E352EB2E543E3B0008A8CD /* Debug */,
				42E352EC2E543E3B0008A8CD /* Release */,
			);
			defaultConfigurationIsVisible = 0;
			defaultConfigurationName = Release;
		};
/* End XCConfigurationList section */
	};
	rootObject = 42E352BA2E543E390008A8CD /* Project object */;
}
